
Microsoft Visual Studio Solution File, Format Version 12.00
# Visual Studio Version 17
VisualStudioVersion = 17.8.34511.84
MinimumVisualStudioVersion = 10.0.40219.1
Project("{FAE04EC0-301F-11D3-BF4B-00C04F79EFBC}") = "ConsoleAppTipos", "ConsoleAppTipos\ConsoleAppTipos.csproj", "{87FDFB28-AC93-4489-81EF-45FADF337A27}"
EndProject
Project("{FAE04EC0-301F-11D3-BF4B-00C04F79EFBC}") = "ConsoleAppTipos2", "ConsoleAppTipos2\ConsoleAppTipos2.csproj", "{350440B8-8448-4B63-B5AB-1391FDC80C34}"
EndProject
Project("{FAE04EC0-301F-11D3-BF4B-00C04F79EFBC}") = "S4_VariablesYConstantes", "S4_VariablesYConstantes\S4_VariablesYConstantes.csproj", "{7BA39A48-BB1E-40F6-B575-F2A52F6C3A3D}"
EndProject
Project("{FAE04EC0-301F-11D3-BF4B-00C04F79EFBC}") = "S4_S5_BOOL", "S4_BOOL\S4_S5_BOOL.csproj", "{0D1A9F23-3DB5-4890-9FF1-8F9E9CBC1276}"
EndProject
Project("{FAE04EC0-301F-11D3-BF4B-00C04F79EFBC}") = "S4_S5_NUMEROS", "S4_NUMEROS\S4_S5_NUMEROS.csproj", "{897E7AC2-701D-4AD1-90D5-87245813E843}"
EndProject
Project("{FAE04EC0-301F-11D3-BF4B-00C04F79EFBC}") = "S4_ENUM", "S4_ENUM\S4_ENUM.csproj", "{DC71BF5A-1FF8-4AF5-B190-B747A7442725}"
EndProject
Project("{FAE04EC0-301F-11D3-BF4B-00C04F79EFBC}") = "S4_STRUCT", "S4_STRUCT\S4_STRUCT.csproj", "{AC8B5DBD-B789-4DAD-9321-BE80D3F90BB6}"
EndProject
Project("{FAE04EC0-301F-11D3-BF4B-00C04F79EFBC}") = "S4_STRING", "S4_STRING\S4_STRING.csproj", "{C1EDC535-8C82-4004-B27A-0B9A6F7FD144}"
EndProject
Project("{FAE04EC0-301F-11D3-BF4B-00C04F79EFBC}") = "S6_EC_IF", "S6_EC_IF\S6_EC_IF.csproj", "{2374D5AD-A193-4B81-A812-6B4C49146FBC}"
EndProject
Project("{FAE04EC0-301F-11D3-BF4B-00C04F79EFBC}") = "S6_EC_SWITCH", "S6_EC_SWITCH\S6_EC_SWITCH.csproj", "{01873E49-357C-4B89-9562-29EE65E42B7A}"
EndProject
Project("{FAE04EC0-301F-11D3-BF4B-00C04F79EFBC}") = "S6_EC_LOOPS", "S6_EC_LOOPS\S6_EC_LOOPS.csproj", "{6587E11F-F69F-4C53-9EAC-C41E75C0D1C8}"
EndProject
Project("{FAE04EC0-301F-11D3-BF4B-00C04F79EFBC}") = "S6_ED_ARRAY", "S6_ED_ARRAY\S6_ED_ARRAY.csproj", "{58895CB5-CD4B-44BE-A504-4492EE1378C6}"
EndProject
Project("{FAE04EC0-301F-11D3-BF4B-00C04F79EFBC}") = "S6_ED_JAGGED_ARAY", "S6_ED_JAGGED_ARAY\S6_ED_JAGGED_ARAY.csproj", "{0905785A-CD74-4D6A-9D1A-7CE8679CF795}"
EndProject
Project("{FAE04EC0-301F-11D3-BF4B-00C04F79EFBC}") = "S6_ED_QUEUE", "S6_ED_QUEUE\S6_ED_QUEUE.csproj", "{3A8463A4-A85D-437D-B0F8-B3E65C8E2A3F}"
EndProject
Project("{FAE04EC0-301F-11D3-BF4B-00C04F79EFBC}") = "S6_ED_STACK", "S6_ED_STACK\S6_ED_STACK.csproj", "{ED56C2A9-8A25-4D67-9C85-7E6B8F544850}"
EndProject
Project("{FAE04EC0-301F-11D3-BF4B-00C04F79EFBC}") = "S7_ED_LIST", "S7_ED_LIST\S7_ED_LIST.csproj", "{237D3EAB-6C39-454C-87CD-C836A2BA5AEC}"
EndProject
Project("{FAE04EC0-301F-11D3-BF4B-00C04F79EFBC}") = "S8_CLASES", "S8_CLASES\S8_CLASES.csproj", "{CEE90F6B-BECD-4970-969C-91008E7F66B6}"
EndProject
Project("{FAE04EC0-301F-11D3-BF4B-00C04F79EFBC}") = "S10_INTERFACES", "S10_INTERFACES\S10_INTERFACES.csproj", "{E86E2CA5-8108-415D-8834-A1A0034045FA}"
EndProject
Project("{FAE04EC0-301F-11D3-BF4B-00C04F79EFBC}") = "S11_Formularios", "S11_Formularios\S11_Formularios.csproj", "{B3463C74-C543-45B0-B4E2-9016437EE52A}"
EndProject
Project("{FAE04EC0-301F-11D3-BF4B-00C04F79EFBC}") = "S12_ARCHIVOS", "S12_ARCHIVOS\S12_ARCHIVOS.csproj", "{25374DA5-6857-4F58-8FF9-252AE2F8090F}"
EndProject
Project("{FAE04EC0-301F-11D3-BF4B-00C04F79EFBC}") = "S14_ConexionBD", "S14_ConexionBD\S14_ConexionBD.csproj", "{86DEECCD-2E2B-4284-B5B3-B28F9848AE45}"
EndProject
Global
	GlobalSection(SolutionConfigurationPlatforms) = preSolution
		Debug|Any CPU = Debug|Any CPU
		Release|Any CPU = Release|Any CPU
	EndGlobalSection
	GlobalSection(ProjectConfigurationPlatforms) = postSolution
		{87FDFB28-AC93-4489-81EF-45FADF337A27}.Debug|Any CPU.ActiveCfg = Debug|Any CPU
		{87FDFB28-AC93-4489-81EF-45FADF337A27}.Debug|Any CPU.Build.0 = Debug|Any CPU
		{87FDFB28-AC93-4489-81EF-45FADF337A27}.Release|Any CPU.ActiveCfg = Release|Any CPU
		{87FDFB28-AC93-4489-81EF-45FADF337A27}.Release|Any CPU.Build.0 = Release|Any CPU
		{350440B8-8448-4B63-B5AB-1391FDC80C34}.Debug|Any CPU.ActiveCfg = Debug|Any CPU
		{350440B8-8448-4B63-B5AB-1391FDC80C34}.Debug|Any CPU.Build.0 = Debug|Any CPU
		{350440B8-8448-4B63-B5AB-1391FDC80C34}.Release|Any CPU.ActiveCfg = Release|Any CPU
		{350440B8-8448-4B63-B5AB-1391FDC80C34}.Release|Any CPU.Build.0 = Release|Any CPU
		{7BA39A48-BB1E-40F6-B575-F2A52F6C3A3D}.Debug|Any CPU.ActiveCfg = Debug|Any CPU
		{7BA39A48-BB1E-40F6-B575-F2A52F6C3A3D}.Debug|Any CPU.Build.0 = Debug|Any CPU
		{7BA39A48-BB1E-40F6-B575-F2A52F6C3A3D}.Release|Any CPU.ActiveCfg = Release|Any CPU
		{7BA39A48-BB1E-40F6-B575-F2A52F6C3A3D}.Release|Any CPU.Build.0 = Release|Any CPU
		{0D1A9F23-3DB5-4890-9FF1-8F9E9CBC1276}.Debug|Any CPU.ActiveCfg = Debug|Any CPU
		{0D1A9F23-3DB5-4890-9FF1-8F9E9CBC1276}.Debug|Any CPU.Build.0 = Debug|Any CPU
		{0D1A9F23-3DB5-4890-9FF1-8F9E9CBC1276}.Release|Any CPU.ActiveCfg = Release|Any CPU
		{0D1A9F23-3DB5-4890-9FF1-8F9E9CBC1276}.Release|Any CPU.Build.0 = Release|Any CPU
		{897E7AC2-701D-4AD1-90D5-87245813E843}.Debug|Any CPU.ActiveCfg = Debug|Any CPU
		{897E7AC2-701D-4AD1-90D5-87245813E843}.Debug|Any CPU.Build.0 = Debug|Any CPU
		{897E7AC2-701D-4AD1-90D5-87245813E843}.Release|Any CPU.ActiveCfg = Release|Any CPU
		{897E7AC2-701D-4AD1-90D5-87245813E843}.Release|Any CPU.Build.0 = Release|Any CPU
		{DC71BF5A-1FF8-4AF5-B190-B747A7442725}.Debug|Any CPU.ActiveCfg = Debug|Any CPU
		{DC71BF5A-1FF8-4AF5-B190-B747A7442725}.Debug|Any CPU.Build.0 = Debug|Any CPU
		{DC71BF5A-1FF8-4AF5-B190-B747A7442725}.Release|Any CPU.ActiveCfg = Release|Any CPU
		{DC71BF5A-1FF8-4AF5-B190-B747A7442725}.Release|Any CPU.Build.0 = Release|Any CPU
		{AC8B5DBD-B789-4DAD-9321-BE80D3F90BB6}.Debug|Any CPU.ActiveCfg = Debug|Any CPU
		{AC8B5DBD-B789-4DAD-9321-BE80D3F90BB6}.Debug|Any CPU.Build.0 = Debug|Any CPU
		{AC8B5DBD-B789-4DAD-9321-BE80D3F90BB6}.Release|Any CPU.ActiveCfg = Release|Any CPU
		{AC8B5DBD-B789-4DAD-9321-BE80D3F90BB6}.Release|Any CPU.Build.0 = Release|Any CPU
		{C1EDC535-8C82-4004-B27A-0B9A6F7FD144}.Debug|Any CPU.ActiveCfg = Debug|Any CPU
		{C1EDC535-8C82-4004-B27A-0B9A6F7FD144}.Debug|Any CPU.Build.0 = Debug|Any CPU
		{C1EDC535-8C82-4004-B27A-0B9A6F7FD144}.Release|Any CPU.ActiveCfg = Release|Any CPU
		{C1EDC535-8C82-4004-B27A-0B9A6F7FD144}.Release|Any CPU.Build.0 = Release|Any CPU
		{2374D5AD-A193-4B81-A812-6B4C49146FBC}.Debug|Any CPU.ActiveCfg = Debug|Any CPU
		{2374D5AD-A193-4B81-A812-6B4C49146FBC}.Debug|Any CPU.Build.0 = Debug|Any CPU
		{2374D5AD-A193-4B81-A812-6B4C49146FBC}.Release|Any CPU.ActiveCfg = Release|Any CPU
		{2374D5AD-A193-4B81-A812-6B4C49146FBC}.Release|Any CPU.Build.0 = Release|Any CPU
		{01873E49-357C-4B89-9562-29EE65E42B7A}.Debug|Any CPU.ActiveCfg = Debug|Any CPU
		{01873E49-357C-4B89-9562-29EE65E42B7A}.Debug|Any CPU.Build.0 = Debug|Any CPU
		{01873E49-357C-4B89-9562-29EE65E42B7A}.Release|Any CPU.ActiveCfg = Release|Any CPU
		{01873E49-357C-4B89-9562-29EE65E42B7A}.Release|Any CPU.Build.0 = Release|Any CPU
		{6587E11F-F69F-4C53-9EAC-C41E75C0D1C8}.Debug|Any CPU.ActiveCfg = Debug|Any CPU
		{6587E11F-F69F-4C53-9EAC-C41E75C0D1C8}.Debug|Any CPU.Build.0 = Debug|Any CPU
		{6587E11F-F69F-4C53-9EAC-C41E75C0D1C8}.Release|Any CPU.ActiveCfg = Release|Any CPU
		{6587E11F-F69F-4C53-9EAC-C41E75C0D1C8}.Release|Any CPU.Build.0 = Release|Any CPU
		{58895CB5-CD4B-44BE-A504-4492EE1378C6}.Debug|Any CPU.ActiveCfg = Debug|Any CPU
		{58895CB5-CD4B-44BE-A504-4492EE1378C6}.Debug|Any CPU.Build.0 = Debug|Any CPU
		{58895CB5-CD4B-44BE-A504-4492EE1378C6}.Release|Any CPU.ActiveCfg = Release|Any CPU
		{58895CB5-CD4B-44BE-A504-4492EE1378C6}.Release|Any CPU.Build.0 = Release|Any CPU
		{0905785A-CD74-4D6A-9D1A-7CE8679CF795}.Debug|Any CPU.ActiveCfg = Debug|Any CPU
		{0905785A-CD74-4D6A-9D1A-7CE8679CF795}.Debug|Any CPU.Build.0 = Debug|Any CPU
		{0905785A-CD74-4D6A-9D1A-7CE8679CF795}.Release|Any CPU.ActiveCfg = Release|Any CPU
		{0905785A-CD74-4D6A-9D1A-7CE8679CF795}.Release|Any CPU.Build.0 = Release|Any CPU
		{3A8463A4-A85D-437D-B0F8-B3E65C8E2A3F}.Debug|Any CPU.ActiveCfg = Debug|Any CPU
		{3A8463A4-A85D-437D-B0F8-B3E65C8E2A3F}.Debug|Any CPU.Build.0 = Debug|Any CPU
		{3A8463A4-A85D-437D-B0F8-B3E65C8E2A3F}.Release|Any CPU.ActiveCfg = Release|Any CPU
		{3A8463A4-A85D-437D-B0F8-B3E65C8E2A3F}.Release|Any CPU.Build.0 = Release|Any CPU
		{ED56C2A9-8A25-4D67-9C85-7E6B8F544850}.Debug|Any CPU.ActiveCfg = Debug|Any CPU
		{ED56C2A9-8A25-4D67-9C85-7E6B8F544850}.Debug|Any CPU.Build.0 = Debug|Any CPU
		{ED56C2A9-8A25-4D67-9C85-7E6B8F544850}.Release|Any CPU.ActiveCfg = Release|Any CPU
		{ED56C2A9-8A25-4D67-9C85-7E6B8F544850}.Release|Any CPU.Build.0 = Release|Any CPU
		{237D3EAB-6C39-454C-87CD-C836A2BA5AEC}.Debug|Any CPU.ActiveCfg = Debug|Any CPU
		{237D3EAB-6C39-454C-87CD-C836A2BA5AEC}.Debug|Any CPU.Build.0 = Debug|Any CPU
		{237D3EAB-6C39-454C-87CD-C836A2BA5AEC}.Release|Any CPU.ActiveCfg = Release|Any CPU
		{237D3EAB-6C39-454C-87CD-C836A2BA5AEC}.Release|Any CPU.Build.0 = Release|Any CPU
		{CEE90F6B-BECD-4970-969C-91008E7F66B6}.Debug|Any CPU.ActiveCfg = Debug|Any CPU
		{CEE90F6B-BECD-4970-969C-91008E7F66B6}.Debug|Any CPU.Build.0 = Debug|Any CPU
		{CEE90F6B-BECD-4970-969C-91008E7F66B6}.Release|Any CPU.ActiveCfg = Release|Any CPU
		{CEE90F6B-BECD-4970-969C-91008E7F66B6}.Release|Any CPU.Build.0 = Release|Any CPU
		{E86E2CA5-8108-415D-8834-A1A0034045FA}.Debug|Any CPU.ActiveCfg = Debug|Any CPU
		{E86E2CA5-8108-415D-8834-A1A0034045FA}.Debug|Any CPU.Build.0 = Debug|Any CPU
		{E86E2CA5-8108-415D-8834-A1A0034045FA}.Release|Any CPU.ActiveCfg = Release|Any CPU
		{E86E2CA5-8108-415D-8834-A1A0034045FA}.Release|Any CPU.Build.0 = Release|Any CPU
		{B3463C74-C543-45B0-B4E2-9016437EE52A}.Debug|Any CPU.ActiveCfg = Debug|Any CPU
		{B3463C74-C543-45B0-B4E2-9016437EE52A}.Debug|Any CPU.Build.0 = Debug|Any CPU
		{B3463C74-C543-45B0-B4E2-9016437EE52A}.Release|Any CPU.ActiveCfg = Release|Any CPU
		{B3463C74-C543-45B0-B4E2-9016437EE52A}.Release|Any CPU.Build.0 = Release|Any CPU
		{25374DA5-6857-4F58-8FF9-252AE2F8090F}.Debug|Any CPU.ActiveCfg = Debug|Any CPU
		{25374DA5-6857-4F58-8FF9-252AE2F8090F}.Debug|Any CPU.Build.0 = Debug|Any CPU
		{25374DA5-6857-4F58-8FF9-252AE2F8090F}.Release|Any CPU.ActiveCfg = Release|Any CPU
		{25374DA5-6857-4F58-8FF9-252AE2F8090F}.Release|Any CPU.Build.0 = Release|Any CPU
		{86DEECCD-2E2B-4284-B5B3-B28F9848AE45}.Debug|Any CPU.ActiveCfg = Debug|Any CPU
		{86DEECCD-2E2B-4284-B5B3-B28F9848AE45}.Debug|Any CPU.Build.0 = Debug|Any CPU
		{86DEECCD-2E2B-4284-B5B3-B28F9848AE45}.Release|Any CPU.ActiveCfg = Release|Any CPU
		{86DEECCD-2E2B-4284-B5B3-B28F9848AE45}.Release|Any CPU.Build.0 = Release|Any CPU
	EndGlobalSection
	GlobalSection(SolutionProperties) = preSolution
		HideSolutionNode = FALSE
	EndGlobalSection
	GlobalSection(ExtensibilityGlobals) = postSolution
		SolutionGuid = {BAC2D150-317A-40C0-ACA5-29D3FA54CF4E}
	EndGlobalSection
EndGlobal
